
Microsoft Visual Studio Solution File, Format Version 12.00
# Visual Studio Version 17
VisualStudioVersion = 17.4.33205.214
MinimumVisualStudioVersion = 10.0.40219.1
Project("{FAE04EC0-301F-11D3-BF4B-00C04F79EFBC}") = "ShoppingCartList", "ShoppingCartList\ShoppingCartList.csproj", "{7C44BFF7-A7E0-4A19-8660-13FC1561C8AF}"
EndProject
Project("{FAE04EC0-301F-11D3-BF4B-00C04F79EFBC}") = "ShoppingCartList.Blazor", "ShoppingCartList.Blazor\ShoppingCartList.Blazor.csproj", "{84F1A8B0-D5DE-4EB5-B539-2D6482744972}"
EndProject
Global
	GlobalSection(SolutionConfigurationPlatforms) = preSolution
		Debug|Any CPU = Debug|Any CPU
		Release|Any CPU = Release|Any CPU
	EndGlobalSection
	GlobalSection(ProjectConfigurationPlatforms) = postSolution
		{7C44BFF7-A7E0-4A19-8660-13FC1561C8AF}.Debug|Any CPU.ActiveCfg = Debug|Any CPU
		{7C44BFF7-A7E0-4A19-8660-13FC1561C8AF}.Debug|Any CPU.Build.0 = Debug|Any CPU
		{7C44BFF7-A7E0-4A19-8660-13FC1561C8AF}.Release|Any CPU.ActiveCfg = Release|Any CPU
		{7C44BFF7-A7E0-4A19-8660-13FC1561C8AF}.Release|Any CPU.Build.0 = Release|Any CPU
		{84F1A8B0-D5DE-4EB5-B539-2D6482744972}.Debug|Any CPU.ActiveCfg = Debug|Any CPU
		{84F1A8B0-D5DE-4EB5-B539-2D6482744972}.Debug|Any CPU.Build.0 = Debug|Any CPU
		{84F1A8B0-D5DE-4EB5-B539-2D6482744972}.Release|Any CPU.ActiveCfg = Release|Any CPU
		{84F1A8B0-D5DE-4EB5-B539-2D6482744972}.Release|Any CPU.Build.0 = Release|Any CPU
	EndGlobalSection
	GlobalSection(SolutionProperties) = preSolution
		HideSolutionNode = FALSE
	EndGlobalSection
	GlobalSection(ExtensibilityGlobals) = postSolution
		SolutionGuid = {6EB2B735-9800-4F4D-AF01-F0E2C8908A8B}
	EndGlobalSection
EndGlobal
